Microsoft Visual Studio Solution File, Format Version 12.00
# Visual Studio Version 17
VisualStudioVersion = 17.5.2.0
MinimumVisualStudioVersion = 10.0.40219.1
Project("{FAE04EC0-301F-11D3-BF4B-00C04F79EFBC}") = "dia2", "dia2.csproj", "{4E99AC37-EBF5-76DD-752E-8B622605023B}"
EndProject
Global
	GlobalSection(SolutionConfigurationPlatforms) = preSolution
		Debug|Any CPU = Debug|Any CPU
		Release|Any CPU = Release|Any CPU
	EndGlobalSection
	GlobalSection(ProjectConfigurationPlatforms) = postSolution
		{4E99AC37-EBF5-76DD-752E-8B622605023B}.Debug|Any CPU.ActiveCfg = Debug|Any CPU
		{4E99AC37-EBF5-76DD-752E-8B622605023B}.Debug|Any CPU.Build.0 = Debug|Any CPU
		{4E99AC37-EBF5-76DD-752E-8B622605023B}.Release|Any CPU.ActiveCfg = Release|Any CPU
		{4E99AC37-EBF5-76DD-752E-8B622605023B}.Release|Any CPU.Build.0 = Release|Any CPU
	EndGlobalSection
	GlobalSection(SolutionProperties) = preSolution
		HideSolutionNode = FALSE
	EndGlobalSection
	GlobalSection(ExtensibilityGlobals) = postSolution
		SolutionGuid = {2BFA152C-B15A-4320-BFEE-6C6F877B608B}
	EndGlobalSection
EndGlobal
